
Microsoft Visual Studio Solution File, Format Version 12.00
# Visual Studio Version 17
VisualStudioVersion = 17.9.34407.89
MinimumVisualStudioVersion = 10.0.40219.1
Project("{FAE04EC0-301F-11D3-BF4B-00C04F79EFBC}") = "Liskov Substitution", "Liskov Substitution\Liskov Substitution.csproj", "{78E16D33-4D26-4580-9214-8CAD3FF94340}"
EndProject
Global
	GlobalSection(SolutionConfigurationPlatforms) = preSolution
		Debug|Any CPU = Debug|Any CPU
		Release|Any CPU = Release|Any CPU
	EndGlobalSection
	GlobalSection(ProjectConfigurationPlatforms) = postSolution
		{78E16D33-4D26-4580-9214-8CAD3FF94340}.Debug|Any CPU.ActiveCfg = Debug|Any CPU
		{78E16D33-4D26-4580-9214-8CAD3FF94340}.Debug|Any CPU.Build.0 = Debug|Any CPU
		{78E16D33-4D26-4580-9214-8CAD3FF94340}.Release|Any CPU.ActiveCfg = Release|Any CPU
		{78E16D33-4D26-4580-9214-8CAD3FF94340}.Release|Any CPU.Build.0 = Release|Any CPU
	EndGlobalSection
	GlobalSection(SolutionProperties) = preSolution
		HideSolutionNode = FALSE
	EndGlobalSection
	GlobalSection(ExtensibilityGlobals) = postSolution
		SolutionGuid = {6B489BCA-6FBD-4005-8C1B-20F219D94B29}
	EndGlobalSection
EndGlobal
